
Microsoft Visual Studio Solution File, Format Version 12.00
# Visual Studio Version 17
VisualStudioVersion = 17.7.34018.315
MinimumVisualStudioVersion = 10.0.40219.1
Project("{FAE04EC0-301F-11D3-BF4B-00C04F79EFBC}") = "Avtosalon", "Avtosalon\Avtosalon.csproj", "{852B12E5-C51F-4328-B746-70C156C0A080}"
EndProject
Global
	GlobalSection(SolutionConfigurationPlatforms) = preSolution
		Debug|Any CPU = Debug|Any CPU
		Release|Any CPU = Release|Any CPU
	EndGlobalSection
	GlobalSection(ProjectConfigurationPlatforms) = postSolution
		{852B12E5-C51F-4328-B746-70C156C0A080}.Debug|Any CPU.ActiveCfg = Debug|Any CPU
		{852B12E5-C51F-4328-B746-70C156C0A080}.Debug|Any CPU.Build.0 = Debug|Any CPU
		{852B12E5-C51F-4328-B746-70C156C0A080}.Release|Any CPU.ActiveCfg = Release|Any CPU
		{852B12E5-C51F-4328-B746-70C156C0A080}.Release|Any CPU.Build.0 = Release|Any CPU
	EndGlobalSection
	GlobalSection(SolutionProperties) = preSolution
		HideSolutionNode = FALSE
	EndGlobalSection
	GlobalSection(ExtensibilityGlobals) = postSolution
		SolutionGuid = {CED8682E-0D6D-43FD-B4B5-469754F99B24}
	EndGlobalSection
EndGlobal
